
Microsoft Visual Studio Solution File, Format Version 12.00
# Visual Studio Version 16
VisualStudioVersion = 16.0.30621.155
MinimumVisualStudioVersion = 10.0.40219.1
Project("{9A19103F-16F7-4668-BE54-9A1E7A4F7556}") = "PrintMeAtServer", "PrintMeAtServer\PrintMeAtServer.csproj", "{6B91D37B-B98E-49D9-9688-C552FE4B2D93}"
EndProject
Project("{E53339B2-1760-4266-BCC7-CA923CBCF16C}") = "docker-compose", "docker-compose.dcproj", "{292A8C21-09A6-4023-9044-556A52FEC514}"
EndProject
Project("{9A19103F-16F7-4668-BE54-9A1E7A4F7556}") = "PrintMeAtServer.Core", "PrintMeAtServer.Core\PrintMeAtServer.Core.csproj", "{4C693510-6083-4796-B15C-835FFFAD5176}"
EndProject
Project("{9A19103F-16F7-4668-BE54-9A1E7A4F7556}") = "PrintMeAtServer.Test", "PrintMeAtServer.Test\PrintMeAtServer.Test.csproj", "{7A2CEF6A-295E-4350-87C1-5E86E0DE36A0}"
EndProject
Global
	GlobalSection(SolutionConfigurationPlatforms) = preSolution
		Debug|Any CPU = Debug|Any CPU
		Release|Any CPU = Release|Any CPU
	EndGlobalSection
	GlobalSection(ProjectConfigurationPlatforms) = postSolution
		{6B91D37B-B98E-49D9-9688-C552FE4B2D93}.Debug|Any CPU.ActiveCfg = Debug|Any CPU
		{6B91D37B-B98E-49D9-9688-C552FE4B2D93}.Debug|Any CPU.Build.0 = Debug|Any CPU
		{6B91D37B-B98E-49D9-9688-C552FE4B2D93}.Release|Any CPU.ActiveCfg = Release|Any CPU
		{6B91D37B-B98E-49D9-9688-C552FE4B2D93}.Release|Any CPU.Build.0 = Release|Any CPU
		{292A8C21-09A6-4023-9044-556A52FEC514}.Debug|Any CPU.ActiveCfg = Debug|Any CPU
		{292A8C21-09A6-4023-9044-556A52FEC514}.Debug|Any CPU.Build.0 = Debug|Any CPU
		{292A8C21-09A6-4023-9044-556A52FEC514}.Release|Any CPU.ActiveCfg = Release|Any CPU
		{292A8C21-09A6-4023-9044-556A52FEC514}.Release|Any CPU.Build.0 = Release|Any CPU
		{4C693510-6083-4796-B15C-835FFFAD5176}.Debug|Any CPU.ActiveCfg = Debug|Any CPU
		{4C693510-6083-4796-B15C-835FFFAD5176}.Debug|Any CPU.Build.0 = Debug|Any CPU
		{4C693510-6083-4796-B15C-835FFFAD5176}.Release|Any CPU.ActiveCfg = Release|Any CPU
		{4C693510-6083-4796-B15C-835FFFAD5176}.Release|Any CPU.Build.0 = Release|Any CPU
		{7A2CEF6A-295E-4350-87C1-5E86E0DE36A0}.Debug|Any CPU.ActiveCfg = Debug|Any CPU
		{7A2CEF6A-295E-4350-87C1-5E86E0DE36A0}.Debug|Any CPU.Build.0 = Debug|Any CPU
		{7A2CEF6A-295E-4350-87C1-5E86E0DE36A0}.Release|Any CPU.ActiveCfg = Release|Any CPU
		{7A2CEF6A-295E-4350-87C1-5E86E0DE36A0}.Release|Any CPU.Build.0 = Release|Any CPU
	EndGlobalSection
	GlobalSection(SolutionProperties) = preSolution
		HideSolutionNode = FALSE
	EndGlobalSection
	GlobalSection(ExtensibilityGlobals) = postSolution
		SolutionGuid = {FB8A113B-175B-413B-8FDD-E5C8689AAB28}
	EndGlobalSection
EndGlobal
